PODS:
  - Crashlytics (3.14.0):
    - Fabric (~> 1.10.2)
  - Fabric (1.10.2)
  - ScalingCarousel (3.0)

DEPENDENCIES:
  - Crashlytics
  - Fabric
  - ScalingCarousel

SPEC REPOS:
  trunk:
    - Crashlytics
    - Fabric
    - ScalingCarousel

SPEC CHECKSUMS:
  Crashlytics: 540b7e5f5da5a042647227a5e3ac51d85eed06df
  Fabric: 706c8b8098fff96c33c0db69cbf81f9c551d0d74
  ScalingCarousel: 7bf711d154b0c5c362c5dd4787ed7d13b489a4cb

PODFILE CHECKSUM: e6f7c580f6a1bf782924520a68d5acecde1b8bdf

COCOAPODS: 1.9.1
