// !$*UTF8*$!
{
	archiveVersion = 1;
	classes = {
	};
	objectVersion = 52;
	objects = {

/* Begin PBXBuildFile section */
		1B20D118205353C90042960F /* Artist.swift in Sources */ = {isa = PBXBuildFile; fileRef = 1B20D117205353C90042960F /* Artist.swift */; };
		1B65F1E12006FFBD00F63446 /* PortfolioEntry.swift in Sources */ = {isa = PBXBuildFile; fileRef = 1B65F1E02006FFBD00F63446 /* PortfolioEntry.swift */; };
		1B65F1E32007013200F63446 /* PortfolioCollectionViewCell.swift in Sources */ = {isa = PBXBuildFile; fileRef = 1B65F1E22007013200F63446 /* PortfolioCollectionViewCell.swift */; };
		1B80C65020FCF59A00C93888 /* SAKAnalytics.swift in Sources */ = {isa = PBXBuildFile; fileRef = 1B80C64F20FCF59A00C93888 /* SAKAnalytics.swift */; };
		1B80C65220FF8A6100C93888 /* SAKSocialLinks.swift in Sources */ = {isa = PBXBuildFile; fileRef = 1B80C65120FF8A6100C93888 /* SAKSocialLinks.swift */; };
		1B87AF4C2452002D001F0216 /* BuildFile in Frameworks */ = {isa = PBXBuildFile; productRef = 1B87AF4B2452002D001F0216 /* SwiftPackageProductDependency */; };
		1B939E0820ACA5B800EC5715 /* DataController.swift in Sources */ = {isa = PBXBuildFile; fileRef = 1BD9C76620041B8C00022C8B /* DataController.swift */; };
		1B939E0920ACA5BC00EC5715 /* Artist.swift in Sources */ = {isa = PBXBuildFile; fileRef = 1B20D117205353C90042960F /* Artist.swift */; };
		1B939E0A20ACA5C000EC5715 /* PortfolioEntry.swift in Sources */ = {isa = PBXBuildFile; fileRef = 1B65F1E02006FFBD00F63446 /* PortfolioEntry.swift */; };
		1B97CB5C20A6042700FA3893 /* ArtworkFullScreenViewController.swift in Sources */ = {isa = PBXBuildFile; fileRef = 1B97CB5B20A6042700FA3893 /* ArtworkFullScreenViewController.swift */; };
		1B97CB5E20AB522200FA3893 /* SAKImageView.swift in Sources */ = {isa = PBXBuildFile; fileRef = 1B97CB5D20AB522200FA3893 /* SAKImageView.swift */; };
		1B97CB5F20AB522200FA3893 /* SAKImageView.swift in Sources */ = {isa = PBXBuildFile; fileRef = 1B97CB5D20AB522200FA3893 /* SAKImageView.swift */; };
		1BD9C75D2004182900022C8B /* SAKDefaults.swift in Sources */ = {isa = PBXBuildFile; fileRef = 1BD9C75B2004182900022C8B /* SAKDefaults.swift */; };
		1BD9C75E2004182900022C8B /* SAKLogging.swift in Sources */ = {isa = PBXBuildFile; fileRef = 1BD9C75C2004182900022C8B /* SAKLogging.swift */; };
		1BD9C7602004183200022C8B /* UIColor+SAK.swift in Sources */ = {isa = PBXBuildFile; fileRef = 1BD9C75F2004183200022C8B /* UIColor+SAK.swift */; };
		1BD9C76720041B8D00022C8B /* DataController.swift in Sources */ = {isa = PBXBuildFile; fileRef = 1BD9C76620041B8C00022C8B /* DataController.swift */; };
		1BE3A6C820A32FE700BBAA24 /* ArtworkInfoViewController.swift in Sources */ = {isa = PBXBuildFile; fileRef = 1BE3A6C720A32FE700BBAA24 /* ArtworkInfoViewController.swift */; };
		1BE3A6CA20A47E7800BBAA24 /* ArtworkDetailViewController.swift in Sources */ = {isa = PBXBuildFile; fileRef = 1BE3A6C920A47E7800BBAA24 /* ArtworkDetailViewController.swift */; };
		1BE3A6CC20A5BC2E00BBAA24 /* UIImage+SAK.swift in Sources */ = {isa = PBXBuildFile; fileRef = 1BE3A6CB20A5BC2E00BBAA24 /* UIImage+SAK.swift */; };
		1BF4B17B200303AF00376A8D /* AppDelegate.swift in Sources */ = {isa = PBXBuildFile; fileRef = 1BF4B17A200303AF00376A8D /* AppDelegate.swift */; };
		1BF4B17F200303AF00376A8D /* PortfolioViewController.swift in Sources */ = {isa = PBXBuildFile; fileRef = 1BF4B17E200303AF00376A8D /* PortfolioViewController.swift */; };
		1BF4B182200303AF00376A8D /* Main.storyboard in Resources */ = {isa = PBXBuildFile; fileRef = 1BF4B180200303AF00376A8D /* Main.storyboard */; };
		1BF4B184200303AF00376A8D /* Assets.xcassets in Resources */ = {isa = PBXBuildFile; fileRef = 1BF4B183200303AF00376A8D /* Assets.xcassets */; };
		1BF4B187200303AF00376A8D /* LaunchScreen.storyboard in Resources */ = {isa = PBXBuildFile; fileRef = 1BF4B185200303AF00376A8D /* LaunchScreen.storyboard */; };
		1BF4B192200303AF00376A8D /* ArtPortfolioTests.swift in Sources */ = {isa = PBXBuildFile; fileRef = 1BF4B191200303AF00376A8D /* ArtPortfolioTests.swift */; };
		1BF4B1A02003148000376A8D /* Podfile in Resources */ = {isa = PBXBuildFile; fileRef = 1BF4B19F2003148000376A8D /* Podfile */; };
		1BF8EC392097B96300856028 /* ArtistViewController.swift in Sources */ = {isa = PBXBuildFile; fileRef = 1BF8EC382097B96300856028 /* ArtistViewController.swift */; };
		509DE1D217B14B6CBFA3C861 /* Pods_ArtPortfolio.framework in Frameworks */ = {isa = PBXBuildFile; fileRef = 5F112DF565C626360A700D48 /* Pods_ArtPortfolio.framework */; };
/* End PBXBuildFile section */

/* Begin PBXContainerItemProxy section */
		1BF4B18E200303AF00376A8D /* PBXContainerItemProxy */ = {
			isa = PBXContainerItemProxy;
			containerPortal = 1BF4B16F200303AF00376A8D /* Project object */;
			proxyType = 1;
			remoteGlobalIDString = 1BF4B176200303AF00376A8D;
			remoteInfo = ArtPortfolio;
		};
/* End PBXContainerItemProxy section */

/* Begin PBXFileReference section */
		1B20D117205353C90042960F /* Artist.swift */ = {isa = PBXFileReference; lastKnownFileType = sourcecode.swift; path = Artist.swift; sourceTree = "<group>"; };
		1B65F1E02006FFBD00F63446 /* PortfolioEntry.swift */ = {isa = PBXFileReference; lastKnownFileType = sourcecode.swift; path = PortfolioEntry.swift; sourceTree = "<group>"; };
		1B65F1E22007013200F63446 /* PortfolioCollectionViewCell.swift */ = {isa = PBXFileReference; lastKnownFileType = sourcecode.swift; path = PortfolioCollectionViewCell.swift; sourceTree = "<group>"; };
		1B80C64F20FCF59A00C93888 /* SAKAnalytics.swift */ = {isa = PBXFileReference; lastKnownFileType = sourcecode.swift; path = SAKAnalytics.swift; sourceTree = "<group>"; };
		1B80C65120FF8A6100C93888 /* SAKSocialLinks.swift */ = {isa = PBXFileReference; lastKnownFileType = sourcecode.swift; path = SAKSocialLinks.swift; sourceTree = "<group>"; };
		1B97CB5B20A6042700FA3893 /* ArtworkFullScreenViewController.swift */ = {isa = PBXFileReference; lastKnownFileType = sourcecode.swift; path = ArtworkFullScreenViewController.swift; sourceTree = "<group>"; };
		1B97CB5D20AB522200FA3893 /* SAKImageView.swift */ = {isa = PBXFileReference; lastKnownFileType = sourcecode.swift; path = SAKImageView.swift; sourceTree = "<group>"; };
		1BD9C75B2004182900022C8B /* SAKDefaults.swift */ = {isa = PBXFileReference; fileEncoding = 4; lastKnownFileType = sourcecode.swift; path = SAKDefaults.swift; sourceTree = "<group>"; };
		1BD9C75C2004182900022C8B /* SAKLogging.swift */ = {isa = PBXFileReference; fileEncoding = 4; lastKnownFileType = sourcecode.swift; path = SAKLogging.swift; sourceTree = "<group>"; };
		1BD9C75F2004183200022C8B /* UIColor+SAK.swift */ = {isa = PBXFileReference; fileEncoding = 4; lastKnownFileType = sourcecode.swift; path = "UIColor+SAK.swift"; sourceTree = "<group>"; };
		1BD9C76620041B8C00022C8B /* DataController.swift */ = {isa = PBXFileReference; fileEncoding = 4; lastKnownFileType = sourcecode.swift; path = DataController.swift; sourceTree = "<group>"; };
		1BE3A6C720A32FE700BBAA24 /* ArtworkInfoViewController.swift */ = {isa = PBXFileReference; lastKnownFileType = sourcecode.swift; path = ArtworkInfoViewController.swift; sourceTree = "<group>"; };
		1BE3A6C920A47E7800BBAA24 /* ArtworkDetailViewController.swift */ = {isa = PBXFileReference; fileEncoding = 4; lastKnownFileType = sourcecode.swift; path = ArtworkDetailViewController.swift; sourceTree = "<group>"; };
		1BE3A6CB20A5BC2E00BBAA24 /* UIImage+SAK.swift */ = {isa = PBXFileReference; lastKnownFileType = sourcecode.swift; path = "UIImage+SAK.swift"; sourceTree = "<group>"; };
		1BF4B177200303AF00376A8D /* V Portfolio.app */ = {isa = PBXFileReference; explicitFileType = wrapper.application; includeInIndex = 0; path = "V Portfolio.app"; sourceTree = BUILT_PRODUCTS_DIR; };
		1BF4B17A200303AF00376A8D /* AppDelegate.swift */ = {isa = PBXFileReference; lastKnownFileType = sourcecode.swift; path = AppDelegate.swift; sourceTree = "<group>"; };
		1BF4B17E200303AF00376A8D /* PortfolioViewController.swift */ = {isa = PBXFileReference; lastKnownFileType = sourcecode.swift; path = PortfolioViewController.swift; sourceTree = "<group>"; };
		1BF4B181200303AF00376A8D /* Base */ = {isa = PBXFileReference; lastKnownFileType = file.storyboard; name = Base; path = Base.lproj/Main.storyboard; sourceTree = "<group>"; };
		1BF4B183200303AF00376A8D /* Assets.xcassets */ = {isa = PBXFileReference; lastKnownFileType = folder.assetcatalog; path = Assets.xcassets; sourceTree = "<group>"; };
		1BF4B186200303AF00376A8D /* Base */ = {isa = PBXFileReference; lastKnownFileType = file.storyboard; name = Base; path = Base.lproj/LaunchScreen.storyboard; sourceTree = "<group>"; };
		1BF4B188200303AF00376A8D /* Info.plist */ = {isa = PBXFileReference; lastKnownFileType = text.plist.xml; path = Info.plist; sourceTree = "<group>"; };
		1BF4B18D200303AF00376A8D /* ArtPortfolioTests.xctest */ = {isa = PBXFileReference; explicitFileType = wrapper.cfbundle; includeInIndex = 0; path = ArtPortfolioTests.xctest; sourceTree = BUILT_PRODUCTS_DIR; };
		1BF4B191200303AF00376A8D /* ArtPortfolioTests.swift */ = {isa = PBXFileReference; lastKnownFileType = sourcecode.swift; path = ArtPortfolioTests.swift; sourceTree = "<group>"; };
		1BF4B193200303AF00376A8D /* Info.plist */ = {isa = PBXFileReference; lastKnownFileType = text.plist.xml; path = Info.plist; sourceTree = "<group>"; };
		1BF4B19F2003148000376A8D /* Podfile */ = {isa = PBXFileReference; fileEncoding = 4; lastKnownFileType = text; path = Podfile; sourceTree = SOURCE_ROOT; xcLanguageSpecificationIdentifier = xcode.lang.ruby; };
		1BF8EC382097B96300856028 /* ArtistViewController.swift */ = {isa = PBXFileReference; lastKnownFileType = sourcecode.swift; path = ArtistViewController.swift; sourceTree = "<group>"; };
		2D705EC27CADBB806343D74C /* Pods-ArtPortfolio.debug.xcconfig */ = {isa = PBXFileReference; includeInIndex = 1; lastKnownFileType = text.xcconfig; name = "Pods-ArtPortfolio.debug.xcconfig"; path = "Pods/Target Support Files/Pods-ArtPortfolio/Pods-ArtPortfolio.debug.xcconfig"; sourceTree = "<group>"; };
		4EBCB77AE3AD5CB564F3854A /* Pods-ArtPortfolio.release.xcconfig */ = {isa = PBXFileReference; includeInIndex = 1; lastKnownFileType = text.xcconfig; name = "Pods-ArtPortfolio.release.xcconfig"; path = "Pods/Target Support Files/Pods-ArtPortfolio/Pods-ArtPortfolio.release.xcconfig"; sourceTree = "<group>"; };
		5F112DF565C626360A700D48 /* Pods_ArtPortfolio.framework */ = {isa = PBXFileReference; explicitFileType = wrapper.framework; includeInIndex = 0; path = Pods_ArtPortfolio.framework; sourceTree = BUILT_PRODUCTS_DIR; };
/* End PBXFileReference section */

/* Begin PBXFrameworksBuildPhase section */
		1BF4B174200303AF00376A8D /* Frameworks */ = {
			isa = PBXFrameworksBuildPhase;
			buildActionMask = 2147483647;
			files = (
				509DE1D217B14B6CBFA3C861 /* Pods_ArtPortfolio.framework in Frameworks */,
				1B87AF4C2452002D001F0216 /* BuildFile in Frameworks */,
			);
			runOnlyForDeploymentPostprocessing = 0;
		};
		1BF4B18A200303AF00376A8D /* Frameworks */ = {
			isa = PBXFrameworksBuildPhase;
			buildActionMask = 2147483647;
			files = (
			);
			runOnlyForDeploymentPostprocessing = 0;
		};
/* End PBXFrameworksBuildPhase section */

/* Begin PBXGroup section */
		1BD9C75A2004173400022C8B /* Model */ = {
			isa = PBXGroup;
			children = (
				1B20D117205353C90042960F /* Artist.swift */,
				1B65F1E02006FFBD00F63446 /* PortfolioEntry.swift */,
			);
			path = Model;
			sourceTree = "<group>";
		};
		1BD9C76520041B3300022C8B /* Controllers */ = {
			isa = PBXGroup;
			children = (
				1BD9C76620041B8C00022C8B /* DataController.swift */,
			);
			path = Controllers;
			sourceTree = "<group>";
		};
		1BF4B16E200303AF00376A8D = {
			isa = PBXGroup;
			children = (
				1BF4B179200303AF00376A8D /* ArtPortfolio */,
				1BF4B190200303AF00376A8D /* ArtPortfolioTests */,
				1BF4B178200303AF00376A8D /* Products */,
				AC8564F3A81CAB2302D335B1 /* Pods */,
				3740934E278C003C35DBF32E /* Frameworks */,
				1BF4B19F2003148000376A8D /* Podfile */,
			);
			sourceTree = "<group>";
		};
		1BF4B178200303AF00376A8D /* Products */ = {
			isa = PBXGroup;
			children = (
				1BF4B177200303AF00376A8D /* V Portfolio.app */,
				1BF4B18D200303AF00376A8D /* ArtPortfolioTests.xctest */,
			);
			name = Products;
			sourceTree = "<group>";
		};
		1BF4B179200303AF00376A8D /* ArtPortfolio */ = {
			isa = PBXGroup;
			children = (
				1BF4B1AB2003E12A00376A8D /* Application */,
				1BD9C76520041B3300022C8B /* Controllers */,
				1BD9C75A2004173400022C8B /* Model */,
				1BF4B19C2003041C00376A8D /* Resources */,
				1BF4B19D2003046000376A8D /* ViewControllers */,
				1BF4B19E2003048300376A8D /* Utility */,
				1BF4B188200303AF00376A8D /* Info.plist */,
			);
			path = ArtPortfolio;
			sourceTree = "<group>";
		};
		1BF4B190200303AF00376A8D /* ArtPortfolioTests */ = {
			isa = PBXGroup;
			children = (
				1BF4B191200303AF00376A8D /* ArtPortfolioTests.swift */,
				1BF4B193200303AF00376A8D /* Info.plist */,
			);
			path = ArtPortfolioTests;
			sourceTree = "<group>";
		};
		1BF4B19C2003041C00376A8D /* Resources */ = {
			isa = PBXGroup;
			children = (
				1BF4B183200303AF00376A8D /* Assets.xcassets */,
				1BF4B185200303AF00376A8D /* LaunchScreen.storyboard */,
				1BF4B180200303AF00376A8D /* Main.storyboard */,
			);
			path = Resources;
			sourceTree = "<group>";
		};
		1BF4B19D2003046000376A8D /* ViewControllers */ = {
			isa = PBXGroup;
			children = (
				1BF8EC382097B96300856028 /* ArtistViewController.swift */,
				1BE3A6C920A47E7800BBAA24 /* ArtworkDetailViewController.swift */,
				1B97CB5B20A6042700FA3893 /* ArtworkFullScreenViewController.swift */,
				1BE3A6C720A32FE700BBAA24 /* ArtworkInfoViewController.swift */,
				1BF4B17E200303AF00376A8D /* PortfolioViewController.swift */,
				1B65F1E22007013200F63446 /* PortfolioCollectionViewCell.swift */,
			);
			path = ViewControllers;
			sourceTree = "<group>";
		};
		1BF4B19E2003048300376A8D /* Utility */ = {
			isa = PBXGroup;
			children = (
				1BF4B1AC2003E18200376A8D /* Classes */,
				1BF4B1AD2003E18900376A8D /* Extensions */,
			);
			path = Utility;
			sourceTree = "<group>";
		};
		1BF4B1AB2003E12A00376A8D /* Application */ = {
			isa = PBXGroup;
			children = (
				1BF4B17A200303AF00376A8D /* AppDelegate.swift */,
			);
			path = Application;
			sourceTree = "<group>";
		};
		1BF4B1AC2003E18200376A8D /* Classes */ = {
			isa = PBXGroup;
			children = (
				1B80C64F20FCF59A00C93888 /* SAKAnalytics.swift */,
				1BD9C75B2004182900022C8B /* SAKDefaults.swift */,
				1B97CB5D20AB522200FA3893 /* SAKImageView.swift */,
				1BD9C75C2004182900022C8B /* SAKLogging.swift */,
				1B80C65120FF8A6100C93888 /* SAKSocialLinks.swift */,
			);
			path = Classes;
			sourceTree = "<group>";
		};
		1BF4B1AD2003E18900376A8D /* Extensions */ = {
			isa = PBXGroup;
			children = (
				1BD9C75F2004183200022C8B /* UIColor+SAK.swift */,
				1BE3A6CB20A5BC2E00BBAA24 /* UIImage+SAK.swift */,
			);
			path = Extensions;
			sourceTree = "<group>";
		};
		3740934E278C003C35DBF32E /* Frameworks */ = {
			isa = PBXGroup;
			children = (
				5F112DF565C626360A700D48 /* Pods_ArtPortfolio.framework */,
			);
			name = Frameworks;
			sourceTree = "<group>";
		};
		AC8564F3A81CAB2302D335B1 /* Pods */ = {
			isa = PBXGroup;
			children = (
				2D705EC27CADBB806343D74C /* Pods-ArtPortfolio.debug.xcconfig */,
				4EBCB77AE3AD5CB564F3854A /* Pods-ArtPortfolio.release.xcconfig */,
			);
			name = Pods;
			sourceTree = "<group>";
		};
/* End PBXGroup section */

/* Begin PBXNativeTarget section */
		1BF4B176200303AF00376A8D /* ArtPortfolio */ = {
			isa = PBXNativeTarget;
			buildConfigurationList = 1BF4B196200303B000376A8D /* Build configuration list for PBXNativeTarget "ArtPortfolio" */;
			buildPhases = (
				32DC29F54762B2692B4B96B2 /* [CP] Check Pods Manifest.lock */,
				1BF4B173200303AF00376A8D /* Sources */,
				1BF4B174200303AF00376A8D /* Frameworks */,
				1BF4B175200303AF00376A8D /* Resources */,
				F7BE0163AE1D448C8323532D /* [CP] Embed Pods Frameworks */,
				1B80C64C20FCE3BA00C93888 /* ShellScript */,
			);
			buildRules = (
			);
			dependencies = (
			);
			name = ArtPortfolio;
			packageProductDependencies = (
				1B87AF4B2452002D001F0216 /* SwiftPackageProductDependency */,
			);
			productName = ArtPortfolio;
			productReference = 1BF4B177200303AF00376A8D /* V Portfolio.app */;
			productType = "com.apple.product-type.application";
		};
		1BF4B18C200303AF00376A8D /* ArtPortfolioTests */ = {
			isa = PBXNativeTarget;
			buildConfigurationList = 1BF4B199200303B000376A8D /* Build configuration list for PBXNativeTarget "ArtPortfolioTests" */;
			buildPhases = (
				1BF4B189200303AF00376A8D /* Sources */,
				1BF4B18A200303AF00376A8D /* Frameworks */,
				1BF4B18B200303AF00376A8D /* Resources */,
			);
			buildRules = (
			);
			dependencies = (
				1BF4B18F200303AF00376A8D /* PBXTargetDependency */,
			);
			name = ArtPortfolioTests;
			productName = ArtPortfolioTests;
			productReference = 1BF4B18D200303AF00376A8D /* ArtPortfolioTests.xctest */;
			productType = "com.apple.product-type.bundle.unit-test";
		};
/* End PBXNativeTarget section */

/* Begin PBXProject section */
		1BF4B16F200303AF00376A8D /* Project object */ = {
			isa = PBXProject;
			attributes = {
				LastSwiftUpdateCheck = 0920;
				LastUpgradeCheck = 0930;
				ORGANIZATIONNAME = SKern;
				TargetAttributes = {
					1BF4B176200303AF00376A8D = {
						CreatedOnToolsVersion = 9.2;
						ProvisioningStyle = Manual;
					};
					1BF4B18C200303AF00376A8D = {
						CreatedOnToolsVersion = 9.2;
						ProvisioningStyle = Automatic;
						TestTargetID = 1BF4B176200303AF00376A8D;
					};
				};
			};
			buildConfigurationList = 1BF4B172200303AF00376A8D /* Build configuration list for PBXProject "ArtPortfolio" */;
			compatibilityVersion = "Xcode 8.0";
			developmentRegion = en;
			hasScannedForEncodings = 0;
			knownRegions = (
				en,
				Base,
			);
			mainGroup = 1BF4B16E200303AF00376A8D;
			packageReferences = (
				1B87AF4A2452002D001F0216 /* RemoteSwiftPackageReference */,
			);
			productRefGroup = 1BF4B178200303AF00376A8D /* Products */;
			projectDirPath = "";
			projectRoot = "";
			targets = (
				1BF4B176200303AF00376A8D /* ArtPortfolio */,
				1BF4B18C200303AF00376A8D /* ArtPortfolioTests */,
			);
		};
/* End PBXProject section */

/* Begin PBXResourcesBuildPhase section */
		1BF4B175200303AF00376A8D /* Resources */ = {
			isa = PBXResourcesBuildPhase;
			buildActionMask = 2147483647;
			files = (
				1BF4B187200303AF00376A8D /* LaunchScreen.storyboard in Resources */,
				1BF4B184200303AF00376A8D /* Assets.xcassets in Resources */,
				1BF4B1A02003148000376A8D /* Podfile in Resources */,
				1BF4B182200303AF00376A8D /* Main.storyboard in Resources */,
			);
			runOnlyForDeploymentPostprocessing = 0;
		};
		1BF4B18B200303AF00376A8D /* Resources */ = {
			isa = PBXResourcesBuildPhase;
			buildActionMask = 2147483647;
			files = (
			);
			runOnlyForDeploymentPostprocessing = 0;
		};
/* End PBXResourcesBuildPhase section */

/* Begin PBXShellScriptBuildPhase section */
		1B80C64C20FCE3BA00C93888 /* ShellScript */ = {
			isa = PBXShellScriptBuildPhase;
			buildActionMask = 2147483647;
			files = (
			);
			inputPaths = (
				"$(BUILT_PRODUCTS_DIR)/$(INFOPLIST_PATH)",
			);
			outputPaths = (
			);
			runOnlyForDeploymentPostprocessing = 0;
			shellPath = /bin/sh;
			shellScript = "\"${PODS_ROOT}/Fabric/run\" 49c81e8af10934adbe8abf59d5ab6db136b193e1 77433c99324f022300821012fbd0e233e1ac82ca59fa9feef82ca7671ed87a97";
		};
		32DC29F54762B2692B4B96B2 /* [CP] Check Pods Manifest.lock */ = {
			isa = PBXShellScriptBuildPhase;
			buildActionMask = 2147483647;
			files = (
			);
			inputPaths = (
				"${PODS_PODFILE_DIR_PATH}/Podfile.lock",
				"${PODS_ROOT}/Manifest.lock",
			);
			name = "[CP] Check Pods Manifest.lock";
			outputPaths = (
				"$(DERIVED_FILE_DIR)/Pods-ArtPortfolio-checkManifestLockResult.txt",
			);
			runOnlyForDeploymentPostprocessing = 0;
			shellPath = /bin/sh;
			shellScript = "diff \"${PODS_PODFILE_DIR_PATH}/Podfile.lock\" \"${PODS_ROOT}/Manifest.lock\" > /dev/null\nif [ $? != 0 ] ; then\n    # print error to STDERR\n    echo \"error: The sandbox is not in sync with the Podfile.lock. Run 'pod install' or update your CocoaPods installation.\" >&2\n    exit 1\nfi\n# This output is used by Xcode 'outputs' to avoid re-running this script phase.\necho \"SUCCESS\" > \"${SCRIPT_OUTPUT_FILE_0}\"\n";
			showEnvVarsInLog = 0;
		};
		F7BE0163AE1D448C8323532D /* [CP] Embed Pods Frameworks */ = {
			isa = PBXShellScriptBuildPhase;
			buildActionMask = 2147483647;
			files = (
			);
			inputFileListPaths = (
				"${PODS_ROOT}/Target Support Files/Pods-ArtPortfolio/Pods-ArtPortfolio-frameworks-${CONFIGURATION}-input-files.xcfilelist",
			);
			name = "[CP] Embed Pods Frameworks";
			outputFileListPaths = (
				"${PODS_ROOT}/Target Support Files/Pods-ArtPortfolio/Pods-ArtPortfolio-frameworks-${CONFIGURATION}-output-files.xcfilelist",
			);
			runOnlyForDeploymentPostprocessing = 0;
			shellPath = /bin/sh;
			shellScript = "\"${PODS_ROOT}/Target Support Files/Pods-ArtPortfolio/Pods-ArtPortfolio-frameworks.sh\"\n";
			showEnvVarsInLog = 0;
		};
/* End PBXShellScriptBuildPhase section */

/* Begin PBXSourcesBuildPhase section */
		1BF4B173200303AF00376A8D /* Sources */ = {
			isa = PBXSourcesBuildPhase;
			buildActionMask = 2147483647;
			files = (
				1B65F1E12006FFBD00F63446 /* PortfolioEntry.swift in Sources */,
				1BD9C7602004183200022C8B /* UIColor+SAK.swift in Sources */,
				1B97CB5E20AB522200FA3893 /* SAKImageView.swift in Sources */,
				1BD9C75E2004182900022C8B /* SAKLogging.swift in Sources */,
				1B80C65020FCF59A00C93888 /* SAKAnalytics.swift in Sources */,
				1BF4B17F200303AF00376A8D /* PortfolioViewController.swift in Sources */,
				1B65F1E32007013200F63446 /* PortfolioCollectionViewCell.swift in Sources */,
				1BD9C76720041B8D00022C8B /* DataController.swift in Sources */,
				1BF4B17B200303AF00376A8D /* AppDelegate.swift in Sources */,
				1B20D118205353C90042960F /* Artist.swift in Sources */,
				1BE3A6CA20A47E7800BBAA24 /* ArtworkDetailViewController.swift in Sources */,
				1BE3A6CC20A5BC2E00BBAA24 /* UIImage+SAK.swift in Sources */,
				1BD9C75D2004182900022C8B /* SAKDefaults.swift in Sources */,
				1BF8EC392097B96300856028 /* ArtistViewController.swift in Sources */,
				1B97CB5C20A6042700FA3893 /* ArtworkFullScreenViewController.swift in Sources */,
				1B80C65220FF8A6100C93888 /* SAKSocialLinks.swift in Sources */,
				1BE3A6C820A32FE700BBAA24 /* ArtworkInfoViewController.swift in Sources */,
			);
			runOnlyForDeploymentPostprocessing = 0;
		};
		1BF4B189200303AF00376A8D /* Sources */ = {
			isa = PBXSourcesBuildPhase;
			buildActionMask = 2147483647;
			files = (
				1B939E0A20ACA5C000EC5715 /* PortfolioEntry.swift in Sources */,
				1B97CB5F20AB522200FA3893 /* SAKImageView.swift in Sources */,
				1B939E0820ACA5B800EC5715 /* DataController.swift in Sources */,
				1B939E0920ACA5BC00EC5715 /* Artist.swift in Sources */,
				1BF4B192200303AF00376A8D /* ArtPortfolioTests.swift in Sources */,
			);
			runOnlyForDeploymentPostprocessing = 0;
		};
/* End PBXSourcesBuildPhase section */

/* Begin PBXTargetDependency section */
		1BF4B18F200303AF00376A8D /* PBXTargetDependency */ = {
			isa = PBXTargetDependency;
			target = 1BF4B176200303AF00376A8D /* ArtPortfolio */;
			targetProxy = 1BF4B18E200303AF00376A8D /* PBXContainerItemProxy */;
		};
/* End PBXTargetDependency section */

/* Begin PBXVariantGroup section */
		1BF4B180200303AF00376A8D /* Main.storyboard */ = {
			isa = PBXVariantGroup;
			children = (
				1BF4B181200303AF00376A8D /* Base */,
			);
			name = Main.storyboard;
			sourceTree = "<group>";
		};
		1BF4B185200303AF00376A8D /* LaunchScreen.storyboard */ = {
			isa = PBXVariantGroup;
			children = (
				1BF4B186200303AF00376A8D /* Base */,
			);
			name = LaunchScreen.storyboard;
			sourceTree = "<group>";
		};
/* End PBXVariantGroup section */

/* Begin XCBuildConfiguration section */
		1BF4B194200303B000376A8D /* Debug */ = {
			isa = XCBuildConfiguration;
			buildSettings = {
				ALWAYS_SEARCH_USER_PATHS = NO;
				CLANG_ANALYZER_NONNULL = YES;
				CLANG_ANALYZER_NUMBER_OBJECT_CONVERSION = YES_AGGRESSIVE;
				CLANG_CXX_LANGUAGE_STANDARD = "gnu++14";
				CLANG_CXX_LIBRARY = "libc++";
				CLANG_ENABLE_MODULES = YES;
				CLANG_ENABLE_OBJC_ARC = YES;
				CLANG_WARN_BLOCK_CAPTURE_AUTORELEASING = YES;
				CLANG_WARN_BOOL_CONVERSION = YES;
				CLANG_WARN_COMMA = YES;
				CLANG_WARN_CONSTANT_CONVERSION = YES;
				CLANG_WARN_DEPRECATED_OBJC_IMPLEMENTATIONS = YES;
				CLANG_WARN_DIRECT_OBJC_ISA_USAGE = YES_ERROR;
				CLANG_WARN_DOCUMENTATION_COMMENTS = YES;
				CLANG_WARN_EMPTY_BODY = YES;
				CLANG_WARN_ENUM_CONVERSION = YES;
				CLANG_WARN_INFINITE_RECURSION = YES;
				CLANG_WARN_INT_CONVERSION = YES;
				CLANG_WARN_NON_LITERAL_NULL_CONVERSION = YES;
				CLANG_WARN_OBJC_IMPLICIT_RETAIN_SELF = YES;
				CLANG_WARN_OBJC_LITERAL_CONVERSION = YES;
				CLANG_WARN_OBJC_ROOT_CLASS = YES_ERROR;
				CLANG_WARN_RANGE_LOOP_ANALYSIS = YES;
				CLANG_WARN_STRICT_PROTOTYPES = YES;
				CLANG_WARN_SUSPICIOUS_MOVE = YES;
				CLANG_WARN_UNGUARDED_AVAILABILITY = YES_AGGRESSIVE;
				CLANG_WARN_UNREACHABLE_CODE = YES;
				CLANG_WARN__DUPLICATE_METHOD_MATCH = YES;
				CODE_SIGN_IDENTITY = "iPhone Developer";
				COPY_PHASE_STRIP = NO;
				DEBUG_INFORMATION_FORMAT = dwarf;
				DEVELOPMENT_TEAM = 3HDZQ5XYMF;
				ENABLE_STRICT_OBJC_MSGSEND = YES;
				ENABLE_TESTABILITY = YES;
				GCC_C_LANGUAGE_STANDARD = gnu11;
				GCC_DYNAMIC_NO_PIC = NO;
				GCC_NO_COMMON_BLOCKS = YES;
				GCC_OPTIMIZATION_LEVEL = 0;
				GCC_PREPROCESSOR_DEFINITIONS = (
					"DEBUG=1",
					"$(inherited)",
				);
				GCC_WARN_64_TO_32_BIT_CONVERSION = YES;
				GCC_WARN_ABOUT_RETURN_TYPE = YES_ERROR;
				GCC_WARN_UNDECLARED_SELECTOR = YES;
				GCC_WARN_UNINITIALIZED_AUTOS = YES_AGGRESSIVE;
				GCC_WARN_UNUSED_FUNCTION = YES;
				GCC_WARN_UNUSED_VARIABLE = YES;
				IPHONEOS_DEPLOYMENT_TARGET = 10.0;
				MTL_ENABLE_DEBUG_INFO = YES;
				ONLY_ACTIVE_ARCH = YES;
				SDKROOT = iphoneos;
				SWIFT_ACTIVE_COMPILATION_CONDITIONS = DEBUG;
				SWIFT_OPTIMIZATION_LEVEL = "-Onone";
			};
			name = Debug;
		};
		1BF4B195200303B000376A8D /* Release */ = {
			isa = XCBuildConfiguration;
			buildSettings = {
				ALWAYS_SEARCH_USER_PATHS = NO;
				CLANG_ANALYZER_NONNULL = YES;
				CLANG_ANALYZER_NUMBER_OBJECT_CONVERSION = YES_AGGRESSIVE;
				CLANG_CXX_LANGUAGE_STANDARD = "gnu++14";
				CLANG_CXX_LIBRARY = "libc++";
				CLANG_ENABLE_MODULES = YES;
				CLANG_ENABLE_OBJC_ARC = YES;
				CLANG_WARN_BLOCK_CAPTURE_AUTORELEASING = YES;
				CLANG_WARN_BOOL_CONVERSION = YES;
				CLANG_WARN_COMMA = YES;
				CLANG_WARN_CONSTANT_CONVERSION = YES;
				CLANG_WARN_DEPRECATED_OBJC_IMPLEMENTATIONS = YES;
				CLANG_WARN_DIRECT_OBJC_ISA_USAGE = YES_ERROR;
				CLANG_WARN_DOCUMENTATION_COMMENTS = YES;
				CLANG_WARN_EMPTY_BODY = YES;
				CLANG_WARN_ENUM_CONVERSION = YES;
				CLANG_WARN_INFINITE_RECURSION = YES;
				CLANG_WARN_INT_CONVERSION = YES;
				CLANG_WARN_NON_LITERAL_NULL_CONVERSION = YES;
				CLANG_WARN_OBJC_IMPLICIT_RETAIN_SELF = YES;
				CLANG_WARN_OBJC_LITERAL_CONVERSION = YES;
				CLANG_WARN_OBJC_ROOT_CLASS = YES_ERROR;
				CLANG_WARN_RANGE_LOOP_ANALYSIS = YES;
				CLANG_WARN_STRICT_PROTOTYPES = YES;
				CLANG_WARN_SUSPICIOUS_MOVE = YES;
				CLANG_WARN_UNGUARDED_AVAILABILITY = YES_AGGRESSIVE;
				CLANG_WARN_UNREACHABLE_CODE = YES;
				CLANG_WARN__DUPLICATE_METHOD_MATCH = YES;
				CODE_SIGN_IDENTITY = "iPhone Developer";
				COPY_PHASE_STRIP = NO;
				DEBUG_INFORMATION_FORMAT = "dwarf-with-dsym";
				DEVELOPMENT_TEAM = 3HDZQ5XYMF;
				ENABLE_NS_ASSERTIONS = NO;
				ENABLE_STRICT_OBJC_MSGSEND = YES;
				GCC_C_LANGUAGE_STANDARD = gnu11;
				GCC_NO_COMMON_BLOCKS = YES;
				GCC_WARN_64_TO_32_BIT_CONVERSION = YES;
				GCC_WARN_ABOUT_RETURN_TYPE = YES_ERROR;
				GCC_WARN_UNDECLARED_SELECTOR = YES;
				GCC_WARN_UNINITIALIZED_AUTOS = YES_AGGRESSIVE;
				GCC_WARN_UNUSED_FUNCTION = YES;
				GCC_WARN_UNUSED_VARIABLE = YES;
				IPHONEOS_DEPLOYMENT_TARGET = 10.0;
				MTL_ENABLE_DEBUG_INFO = NO;
				SDKROOT = iphoneos;
				SWIFT_COMPILATION_MODE = wholemodule;
				SWIFT_OPTIMIZATION_LEVEL = "-O";
				VALIDATE_PRODUCT = YES;
			};
			name = Release;
		};
		1BF4B197200303B000376A8D /* Debug */ = {
			isa = XCBuildConfiguration;
			baseConfigurationReference = 2D705EC27CADBB806343D74C /* Pods-ArtPortfolio.debug.xcconfig */;
			buildSettings = {
				ASSETCATALOG_COMPILER_APPICON_NAME = AppIcon;
				CODE_SIGN_IDENTITY = "iPhone Developer";
				CODE_SIGN_STYLE = Manual;
				DEBUG_INFORMATION_FORMAT = "dwarf-with-dsym";
				DEVELOPMENT_TEAM = QZK74L4Q7L;
				INFOPLIST_FILE = ArtPortfolio/Info.plist;
				LD_RUNPATH_SEARCH_PATHS = (
					"$(inherited)",
					"@executable_path/Frameworks",
				);
				PRODUCT_BUNDLE_IDENTIFIER = com.skern.artportfolio;
				PRODUCT_NAME = "V Portfolio";
				PROVISIONING_PROFILE = "83711854-0a7d-4bbc-887f-b6af16bac62e";
				PROVISIONING_PROFILE_SPECIFIER = ArtPortfolioDevelopment;
				SWIFT_VERSION = 4.0;
				TARGETED_DEVICE_FAMILY = "1,2";
			};
			name = Debug;
		};
		1BF4B198200303B000376A8D /* Release */ = {
			isa = XCBuildConfiguration;
			baseConfigurationReference = 4EBCB77AE3AD5CB564F3854A /* Pods-ArtPortfolio.release.xcconfig */;
			buildSettings = {
				ASSETCATALOG_COMPILER_APPICON_NAME = AppIcon;
				CODE_SIGN_IDENTITY = "iPhone Distribution";
				CODE_SIGN_STYLE = Manual;
				DEVELOPMENT_TEAM = QZK74L4Q7L;
				INFOPLIST_FILE = ArtPortfolio/Info.plist;
				LD_RUNPATH_SEARCH_PATHS = (
					"$(inherited)",
					"@executable_path/Frameworks",
				);
				PRODUCT_BUNDLE_IDENTIFIER = com.skern.artportfolio;
				PRODUCT_NAME = "V Portfolio";
				PROVISIONING_PROFILE = "d59e1241-7a1a-44af-af81-8b98e4501b8a";
				PROVISIONING_PROFILE_SPECIFIER = ArtPortfolioDistribution;
				SWIFT_VERSION = 4.0;
				TARGETED_DEVICE_FAMILY = "1,2";
			};
			name = Release;
		};
		1BF4B19A200303B000376A8D /* Debug */ = {
			isa = XCBuildConfiguration;
			buildSettings = {
				ALWAYS_EMBED_SWIFT_STANDARD_LIBRARIES = YES;
				BUNDLE_LOADER = "$(TEST_HOST)";
				CODE_SIGN_STYLE = Automatic;
				DEVELOPMENT_TEAM = 3HDZQ5XYMF;
				INFOPLIST_FILE = ArtPortfolioTests/Info.plist;
				LD_RUNPATH_SEARCH_PATHS = (
					"$(inherited)",
					"@executable_path/Frameworks",
					"@loader_path/Frameworks",
				);
				PRODUCT_BUNDLE_IDENTIFIER = skern.ArtPortfolioTests;
				PRODUCT_NAME = "$(TARGET_NAME)";
				SWIFT_VERSION = 4.0;
				TARGETED_DEVICE_FAMILY = "1,2";
				TEST_HOST = "$(BUILT_PRODUCTS_DIR)/V Portfolio.app/V Portfolio";
			};
			name = Debug;
		};
		1BF4B19B200303B000376A8D /* Release */ = {
			isa = XCBuildConfiguration;
			buildSettings = {
				ALWAYS_EMBED_SWIFT_STANDARD_LIBRARIES = YES;
				BUNDLE_LOADER = "$(TEST_HOST)";
				CODE_SIGN_STYLE = Automatic;
				DEVELOPMENT_TEAM = 3HDZQ5XYMF;
				INFOPLIST_FILE = ArtPortfolioTests/Info.plist;
				LD_RUNPATH_SEARCH_PATHS = (
					"$(inherited)",
					"@executable_path/Frameworks",
					"@loader_path/Frameworks",
				);
				PRODUCT_BUNDLE_IDENTIFIER = skern.ArtPortfolioTests;
				PRODUCT_NAME = "$(TARGET_NAME)";
				SWIFT_VERSION = 4.0;
				TARGETED_DEVICE_FAMILY = "1,2";
				TEST_HOST = "$(BUILT_PRODUCTS_DIR)/V Portfolio.app/V Portfolio";
			};
			name = Release;
		};
/* End XCBuildConfiguration section */

/* Begin XCConfigurationList section */
		1BF4B172200303AF00376A8D /* Build configuration list for PBXProject "ArtPortfolio" */ = {
			isa = XCConfigurationList;
			buildConfigurations = (
				1BF4B194200303B000376A8D /* Debug */,
				1BF4B195200303B000376A8D /* Release */,
			);
			defaultConfigurationIsVisible = 0;
			defaultConfigurationName = Release;
		};
		1BF4B196200303B000376A8D /* Build configuration list for PBXNativeTarget "ArtPortfolio" */ = {
			isa = XCConfigurationList;
			buildConfigurations = (
				1BF4B197200303B000376A8D /* Debug */,
				1BF4B198200303B000376A8D /* Release */,
			);
			defaultConfigurationIsVisible = 0;
			defaultConfigurationName = Release;
		};
		1BF4B199200303B000376A8D /* Build configuration list for PBXNativeTarget "ArtPortfolioTests" */ = {
			isa = XCConfigurationList;
			buildConfigurations = (
				1BF4B19A200303B000376A8D /* Debug */,
				1BF4B19B200303B000376A8D /* Release */,
			);
			defaultConfigurationIsVisible = 0;
			defaultConfigurationName = Release;
		};
/* End XCConfigurationList section */

/* Begin XCRemoteSwiftPackageReference section */
		1B87AF4A2452002D001F0216 /* RemoteSwiftPackageReference */ = {
			isa = XCRemoteSwiftPackageReference;
			repositoryURL = "https://github.com/SwiftyBeaver/SwiftyBeaver.git";
			requirement = {
				kind = upToNextMajorVersion;
				minimumVersion = 1.9.1;
			};
		};
/* End XCRemoteSwiftPackageReference section */

/* Begin XCSwiftPackageProductDependency section */
		1B87AF4B2452002D001F0216 /* SwiftPackageProductDependency */ = {
			isa = XCSwiftPackageProductDependency;
			package = 1B87AF4A2452002D001F0216 /* RemoteSwiftPackageReference */;
			productName = SwiftyBeaver;
		};
/* End XCSwiftPackageProductDependency section */
	};
	rootObject = 1BF4B16F200303AF00376A8D /* Project object */;
}
